
Microsoft Visual Studio Solution File, Format Version 12.00
# Visual Studio 15
VisualStudioVersion = 15.0.28307.421
MinimumVisualStudioVersion = 10.0.40219.1
Project("{FAE04EC0-301F-11D3-BF4B-00C04F79EFBC}") = "Mockaco", "src\Mockaco\Mockaco.csproj", "{8BAA1EC5-0BF5-4DA2-87F7-ED0C7B652517}"
EndProject
Global
	GlobalSection(SolutionConfigurationPlatforms) = preSolution
		Debug|Any CPU = Debug|Any CPU
		Release|Any CPU = Release|Any CPU
	EndGlobalSection
	GlobalSection(ProjectConfigurationPlatforms) = postSolution
		{8BAA1EC5-0BF5-4DA2-87F7-ED0C7B652517}.Debug|Any CPU.ActiveCfg = Debug|Any CPU
		{8BAA1EC5-0BF5-4DA2-87F7-ED0C7B652517}.Debug|Any CPU.Build.0 = Debug|Any CPU
		{8BAA1EC5-0BF5-4DA2-87F7-ED0C7B652517}.Release|Any CPU.ActiveCfg = Release|Any CPU
		{8BAA1EC5-0BF5-4DA2-87F7-ED0C7B652517}.Release|Any CPU.Build.0 = Release|Any CPU
	EndGlobalSection
	GlobalSection(SolutionProperties) = preSolution
		HideSolutionNode = FALSE
	EndGlobalSection
	GlobalSection(ExtensibilityGlobals) = postSolution
		SolutionGuid = {CABB6019-182D-4F69-834A-5CF7921C290F}
	EndGlobalSection
EndGlobal
