
Microsoft Visual Studio Solution File, Format Version 12.00
# Visual Studio Version 16
VisualStudioVersion = 16.0.29102.190
MinimumVisualStudioVersion = 10.0.40219.1
Project("{9A19103F-16F7-4668-BE54-9A1E7A4F7556}") = "Mockaco", "src\Mockaco\Mockaco.csproj", "{8BAA1EC5-0BF5-4DA2-87F7-ED0C7B652517}"
EndProject
Project("{2150E333-8FDC-42A3-9474-1A3956D46DE8}") = "Solution Items", "Solution Items", "{3F7B6722-59F1-4943-8D45-94D42CE49639}"
	ProjectSection(SolutionItems) = preProject
		README.md = README.md
	EndProjectSection
EndProject
Project("{9A19103F-16F7-4668-BE54-9A1E7A4F7556}") = "Mockaco.Tests", "test\Mockaco.Tests\Mockaco.Tests.csproj", "{EE57B1B4-29D2-4AE3-8F23-5E622302C30F}"
EndProject
Global
	GlobalSection(SolutionConfigurationPlatforms) = preSolution
		Debug|Any CPU = Debug|Any CPU
		Nuget|Any CPU = Nuget|Any CPU
		Release|Any CPU = Release|Any CPU
	EndGlobalSection
	GlobalSection(ProjectConfigurationPlatforms) = postSolution
		{8BAA1EC5-0BF5-4DA2-87F7-ED0C7B652517}.Debug|Any CPU.ActiveCfg = Debug|Any CPU
		{8BAA1EC5-0BF5-4DA2-87F7-ED0C7B652517}.Debug|Any CPU.Build.0 = Debug|Any CPU
		{8BAA1EC5-0BF5-4DA2-87F7-ED0C7B652517}.Nuget|Any CPU.ActiveCfg = Nuget|Any CPU
		{8BAA1EC5-0BF5-4DA2-87F7-ED0C7B652517}.Nuget|Any CPU.Build.0 = Nuget|Any CPU
		{8BAA1EC5-0BF5-4DA2-87F7-ED0C7B652517}.Release|Any CPU.ActiveCfg = Release|Any CPU
		{8BAA1EC5-0BF5-4DA2-87F7-ED0C7B652517}.Release|Any CPU.Build.0 = Release|Any CPU
		{EE57B1B4-29D2-4AE3-8F23-5E622302C30F}.Debug|Any CPU.ActiveCfg = Release|Any CPU
		{EE57B1B4-29D2-4AE3-8F23-5E622302C30F}.Nuget|Any CPU.ActiveCfg = Release|Any CPU
		{EE57B1B4-29D2-4AE3-8F23-5E622302C30F}.Release|Any CPU.ActiveCfg = Release|Any CPU
		{EE57B1B4-29D2-4AE3-8F23-5E622302C30F}.Release|Any CPU.Build.0 = Release|Any CPU
	EndGlobalSection
	GlobalSection(SolutionProperties) = preSolution
		HideSolutionNode = FALSE
	EndGlobalSection
	GlobalSection(ExtensibilityGlobals) = postSolution
		SolutionGuid = {CABB6019-182D-4F69-834A-5CF7921C290F}
	EndGlobalSection
EndGlobal
